
Microsoft Visual Studio Solution File, Format Version 12.00
Project("{FAE04EC0-301F-11D3-BF4B-00C04F79EFBC}") = "RazorPagesMovie", "RazorPagesMovie\RazorPagesMovie.csproj", "{7CDAB989-0BDC-4ECD-8E7D-8920CAD5860E}"
EndProject
Global
	GlobalSection(SolutionConfigurationPlatforms) = preSolution
		Debug|Any CPU = Debug|Any CPU
		Release|Any CPU = Release|Any CPU
	EndGlobalSection
	GlobalSection(ProjectConfigurationPlatforms) = postSolution
		{7CDAB989-0BDC-4ECD-8E7D-8920CAD5860E}.Debug|Any CPU.ActiveCfg = Debug|Any CPU
		{7CDAB989-0BDC-4ECD-8E7D-8920CAD5860E}.Debug|Any CPU.Build.0 = Debug|Any CPU
		{7CDAB989-0BDC-4ECD-8E7D-8920CAD5860E}.Release|Any CPU.ActiveCfg = Release|Any CPU
		{7CDAB989-0BDC-4ECD-8E7D-8920CAD5860E}.Release|Any CPU.Build.0 = Release|Any CPU
	EndGlobalSection
EndGlobal
